// !$*UTF8*$!
{
	archiveVersion = 1;
	classes = {
	};
	objectVersion = 50;
	objects = {

/* Begin PBXBuildFile section */
		7321DBED38DD833D5D9E1268 /* Pods_FIXER.framework in Frameworks */ = {isa = PBXBuildFile; fileRef = 4FC4A362304D00E3A26434D5 /* Pods_FIXER.framework */; };
		EA008C882237D9E900025332 /* AppDelegate.swift in Sources */ = {isa = PBXBuildFile; fileRef = EA008C872237D9E900025332 /* AppDelegate.swift */; };
		EA008C8A2237D9E900025332 /* ViewController.swift in Sources */ = {isa = PBXBuildFile; fileRef = EA008C892237D9E900025332 /* ViewController.swift */; };
		EA008C8D2237D9E900025332 /* Main.storyboard in Resources */ = {isa = PBXBuildFile; fileRef = EA008C8B2237D9E900025332 /* Main.storyboard */; };
		EA008C8F2237D9EB00025332 /* Assets.xcassets in Resources */ = {isa = PBXBuildFile; fileRef = EA008C8E2237D9EB00025332 /* Assets.xcassets */; };
		EA008C922237D9EB00025332 /* LaunchScreen.storyboard in Resources */ = {isa = PBXBuildFile; fileRef = EA008C902237D9EB00025332 /* LaunchScreen.storyboard */; };
		EA008C9A2237DA3500025332 /* NetworkLayer.swift in Sources */ = {isa = PBXBuildFile; fileRef = EA008C992237DA3500025332 /* NetworkLayer.swift */; };
		EA008C9C2237DAC400025332 /* Authorization.swift in Sources */ = {isa = PBXBuildFile; fileRef = EA008C9B2237DAC400025332 /* Authorization.swift */; };
		EA00ACB7223A6810009D2F00 /* MenuVC.swift in Sources */ = {isa = PBXBuildFile; fileRef = EA00ACB6223A6810009D2F00 /* MenuVC.swift */; };
		EA406497227E2BA300EC4BBD /* FinishOrder.swift in Sources */ = {isa = PBXBuildFile; fileRef = EA406496227E2BA300EC4BBD /* FinishOrder.swift */; };
		EA6322772238236C0090753B /* Menu.swift in Sources */ = {isa = PBXBuildFile; fileRef = EA6322762238236C0090753B /* Menu.swift */; };
		EA71E0D222457E7200A23E96 /* DetailProductVC.swift in Sources */ = {isa = PBXBuildFile; fileRef = EA71E0D122457E7100A23E96 /* DetailProductVC.swift */; };
		EA71E0D4224D29C700A23E96 /* CartVC.swift in Sources */ = {isa = PBXBuildFile; fileRef = EA71E0D3224D29C700A23E96 /* CartVC.swift */; };
		EA71E0D6224D320000A23E96 /* Cart.swift in Sources */ = {isa = PBXBuildFile; fileRef = EA71E0D5224D320000A23E96 /* Cart.swift */; };
		EA71E0D8224E7B0000A23E96 /* CartTVC.swift in Sources */ = {isa = PBXBuildFile; fileRef = EA71E0D7224E7B0000A23E96 /* CartTVC.swift */; };
		EA71E0DA22510F7200A23E96 /* ProductViewModel.swift in Sources */ = {isa = PBXBuildFile; fileRef = EA71E0D922510F7200A23E96 /* ProductViewModel.swift */; };
		EA8B515A22BCD9FC00C32F06 /* NovaPoshtaAllCity.swift in Sources */ = {isa = PBXBuildFile; fileRef = EA8B515922BCD9FC00C32F06 /* NovaPoshtaAllCity.swift */; };
		EA9D6BAE223C3C71000B8B36 /* BoardProduct.swift in Sources */ = {isa = PBXBuildFile; fileRef = EA9D6BAD223C3C71000B8B36 /* BoardProduct.swift */; };
		EA9D6BB0223C4233000B8B36 /* ProductCell.swift in Sources */ = {isa = PBXBuildFile; fileRef = EA9D6BAF223C4233000B8B36 /* ProductCell.swift */; };
		EA9D6BB2223D33AE000B8B36 /* Product.swift in Sources */ = {isa = PBXBuildFile; fileRef = EA9D6BB1223D33AE000B8B36 /* Product.swift */; };
		EAC5A0B4223C0B1000D16517 /* MenuNextLevel.swift in Sources */ = {isa = PBXBuildFile; fileRef = EAC5A0B3223C0B1000D16517 /* MenuNextLevel.swift */; };
/* End PBXBuildFile section */

/* Begin PBXFileReference section */
		34D532B0980579CE37EF06C5 /* Pods-FIXER.debug.xcconfig */ = {isa = PBXFileReference; includeInIndex = 1; lastKnownFileType = text.xcconfig; name = "Pods-FIXER.debug.xcconfig"; path = "Pods/Target Support Files/Pods-FIXER/Pods-FIXER.debug.xcconfig"; sourceTree = "<group>"; };
		3827E411A37C83F73F58E447 /* Pods-FIXER.release.xcconfig */ = {isa = PBXFileReference; includeInIndex = 1; lastKnownFileType = text.xcconfig; name = "Pods-FIXER.release.xcconfig"; path = "Pods/Target Support Files/Pods-FIXER/Pods-FIXER.release.xcconfig"; sourceTree = "<group>"; };
		4FC4A362304D00E3A26434D5 /* Pods_FIXER.framework */ = {isa = PBXFileReference; explicitFileType = wrapper.framework; includeInIndex = 0; path = Pods_FIXER.framework; sourceTree = BUILT_PRODUCTS_DIR; };
		EA008C842237D9E900025332 /* FIXER.app */ = {isa = PBXFileReference; explicitFileType = wrapper.application; includeInIndex = 0; path = FIXER.app; sourceTree = BUILT_PRODUCTS_DIR; };
		EA008C872237D9E900025332 /* AppDelegate.swift */ = {isa = PBXFileReference; lastKnownFileType = sourcecode.swift; path = AppDelegate.swift; sourceTree = "<group>"; };
		EA008C892237D9E900025332 /* ViewController.swift */ = {isa = PBXFileReference; lastKnownFileType = sourcecode.swift; path = ViewController.swift; sourceTree = "<group>"; };
		EA008C8C2237D9E900025332 /* Base */ = {isa = PBXFileReference; lastKnownFileType = file.storyboard; name = Base; path = Base.lproj/Main.storyboard; sourceTree = "<group>"; };
		EA008C8E2237D9EB00025332 /* Assets.xcassets */ = {isa = PBXFileReference; lastKnownFileType = folder.assetcatalog; path = Assets.xcassets; sourceTree = "<group>"; };
		EA008C912237D9EB00025332 /* Base */ = {isa = PBXFileReference; lastKnownFileType = file.storyboard; name = Base; path = Base.lproj/LaunchScreen.storyboard; sourceTree = "<group>"; };
		EA008C932237D9EB00025332 /* Info.plist */ = {isa = PBXFileReference; lastKnownFileType = text.plist.xml; path = Info.plist; sourceTree = "<group>"; };
		EA008C992237DA3500025332 /* NetworkLayer.swift */ = {isa = PBXFileReference; lastKnownFileType = sourcecode.swift; path = NetworkLayer.swift; sourceTree = "<group>"; };
		EA008C9B2237DAC400025332 /* Authorization.swift */ = {isa = PBXFileReference; lastKnownFileType = sourcecode.swift; path = Authorization.swift; sourceTree = "<group>"; };
		EA00ACB6223A6810009D2F00 /* MenuVC.swift */ = {isa = PBXFileReference; lastKnownFileType = sourcecode.swift; path = MenuVC.swift; sourceTree = "<group>"; };
		EA406496227E2BA300EC4BBD /* FinishOrder.swift */ = {isa = PBXFileReference; lastKnownFileType = sourcecode.swift; path = FinishOrder.swift; sourceTree = "<group>"; };
		EA6322762238236C0090753B /* Menu.swift */ = {isa = PBXFileReference; lastKnownFileType = sourcecode.swift; path = Menu.swift; sourceTree = "<group>"; };
		EA71E0D122457E7100A23E96 /* DetailProductVC.swift */ = {isa = PBXFileReference; lastKnownFileType = sourcecode.swift; path = DetailProductVC.swift; sourceTree = "<group>"; };
		EA71E0D3224D29C700A23E96 /* CartVC.swift */ = {isa = PBXFileReference; lastKnownFileType = sourcecode.swift; path = CartVC.swift; sourceTree = "<group>"; };
		EA71E0D5224D320000A23E96 /* Cart.swift */ = {isa = PBXFileReference; lastKnownFileType = sourcecode.swift; path = Cart.swift; sourceTree = "<group>"; };
		EA71E0D7224E7B0000A23E96 /* CartTVC.swift */ = {isa = PBXFileReference; lastKnownFileType = sourcecode.swift; path = CartTVC.swift; sourceTree = "<group>"; };
		EA71E0D922510F7200A23E96 /* ProductViewModel.swift */ = {isa = PBXFileReference; lastKnownFileType = sourcecode.swift; path = ProductViewModel.swift; sourceTree = "<group>"; };
		EA8B515922BCD9FC00C32F06 /* NovaPoshtaAllCity.swift */ = {isa = PBXFileReference; lastKnownFileType = sourcecode.swift; path = NovaPoshtaAllCity.swift; sourceTree = "<group>"; };
		EA9D6BAD223C3C71000B8B36 /* BoardProduct.swift */ = {isa = PBXFileReference; lastKnownFileType = sourcecode.swift; path = BoardProduct.swift; sourceTree = "<group>"; };
		EA9D6BAF223C4233000B8B36 /* ProductCell.swift */ = {isa = PBXFileReference; lastKnownFileType = sourcecode.swift; path = ProductCell.swift; sourceTree = "<group>"; };
		EA9D6BB1223D33AE000B8B36 /* Product.swift */ = {isa = PBXFileReference; lastKnownFileType = sourcecode.swift; path = Product.swift; sourceTree = "<group>"; };
		EAC5A0B3223C0B1000D16517 /* MenuNextLevel.swift */ = {isa = PBXFileReference; lastKnownFileType = sourcecode.swift; path = MenuNextLevel.swift; sourceTree = "<group>"; };
/* End PBXFileReference section */

/* Begin PBXFrameworksBuildPhase section */
		EA008C812237D9E900025332 /* Frameworks */ = {
			isa = PBXFrameworksBuildPhase;
			buildActionMask = 2147483647;
			files = (
				7321DBED38DD833D5D9E1268 /* Pods_FIXER.framework in Frameworks */,
			);
			runOnlyForDeploymentPostprocessing = 0;
		};
/* End PBXFrameworksBuildPhase section */

/* Begin PBXGroup section */
		08ADA0D230A6971086014F09 /* Frameworks */ = {
			isa = PBXGroup;
			children = (
				4FC4A362304D00E3A26434D5 /* Pods_FIXER.framework */,
			);
			name = Frameworks;
			sourceTree = "<group>";
		};
		446A18502D0AE162F08E3B7A /* Pods */ = {
			isa = PBXGroup;
			children = (
				34D532B0980579CE37EF06C5 /* Pods-FIXER.debug.xcconfig */,
				3827E411A37C83F73F58E447 /* Pods-FIXER.release.xcconfig */,
			);
			name = Pods;
			sourceTree = "<group>";
		};
		EA008C7B2237D9E900025332 = {
			isa = PBXGroup;
			children = (
				EA008C862237D9E900025332 /* FIXER */,
				EA008C852237D9E900025332 /* Products */,
				446A18502D0AE162F08E3B7A /* Pods */,
				08ADA0D230A6971086014F09 /* Frameworks */,
			);
			sourceTree = "<group>";
		};
		EA008C852237D9E900025332 /* Products */ = {
			isa = PBXGroup;
			children = (
				EA008C842237D9E900025332 /* FIXER.app */,
			);
			name = Products;
			sourceTree = "<group>";
		};
		EA008C862237D9E900025332 /* FIXER */ = {
			isa = PBXGroup;
			children = (
				EA008C872237D9E900025332 /* AppDelegate.swift */,
				EA008C892237D9E900025332 /* ViewController.swift */,
				EA00ACB6223A6810009D2F00 /* MenuVC.swift */,
				EAC5A0B3223C0B1000D16517 /* MenuNextLevel.swift */,
				EA9D6BAD223C3C71000B8B36 /* BoardProduct.swift */,
				EA9D6BAF223C4233000B8B36 /* ProductCell.swift */,
				EA71E0D122457E7100A23E96 /* DetailProductVC.swift */,
				EA71E0D3224D29C700A23E96 /* CartVC.swift */,
				EA71E0D7224E7B0000A23E96 /* CartTVC.swift */,
				EA406496227E2BA300EC4BBD /* FinishOrder.swift */,
				EAC5A0AE223B97C100D16517 /* Model */,
				EA008C8B2237D9E900025332 /* Main.storyboard */,
				EA008C8E2237D9EB00025332 /* Assets.xcassets */,
				EA008C902237D9EB00025332 /* LaunchScreen.storyboard */,
				EA008C932237D9EB00025332 /* Info.plist */,
			);
			path = FIXER;
			sourceTree = "<group>";
		};
		EAC5A0AE223B97C100D16517 /* Model */ = {
			isa = PBXGroup;
			children = (
				EA008C992237DA3500025332 /* NetworkLayer.swift */,
				EA8B515922BCD9FC00C32F06 /* NovaPoshtaAllCity.swift */,
				EA71E0D5224D320000A23E96 /* Cart.swift */,
				EA9D6BB1223D33AE000B8B36 /* Product.swift */,
				EA6322762238236C0090753B /* Menu.swift */,
				EA008C9B2237DAC400025332 /* Authorization.swift */,
				EA71E0D922510F7200A23E96 /* ProductViewModel.swift */,
			);
			path = Model;
			sourceTree = "<group>";
		};
/* End PBXGroup section */

/* Begin PBXNativeTarget section */
		EA008C832237D9E900025332 /* FIXER */ = {
			isa = PBXNativeTarget;
			buildConfigurationList = EA008C962237D9EB00025332 /* Build configuration list for PBXNativeTarget "FIXER" */;
			buildPhases = (
				4277A16BE4DFFC974CCC5BB2 /* [CP] Check Pods Manifest.lock */,
				EA008C802237D9E900025332 /* Sources */,
				EA008C812237D9E900025332 /* Frameworks */,
				EA008C822237D9E900025332 /* Resources */,
				5CB1085CA363D482D10CD764 /* [CP] Embed Pods Frameworks */,
				421074B17D52EB8D684C085B /* [CP] Copy Pods Resources */,
			);
			buildRules = (
			);
			dependencies = (
			);
			name = FIXER;
			productName = FIXER;
			productReference = EA008C842237D9E900025332 /* FIXER.app */;
			productType = "com.apple.product-type.application";
		};
/* End PBXNativeTarget section */

/* Begin PBXProject section */
		EA008C7C2237D9E900025332 /* Project object */ = {
			isa = PBXProject;
			attributes = {
				LastSwiftUpdateCheck = 1010;
				LastUpgradeCheck = 1010;
				ORGANIZATIONNAME = Petro;
				TargetAttributes = {
					EA008C832237D9E900025332 = {
						CreatedOnToolsVersion = 10.1;
					};
				};
			};
			buildConfigurationList = EA008C7F2237D9E900025332 /* Build configuration list for PBXProject "FIXER" */;
			compatibilityVersion = "Xcode 9.3";
			developmentRegion = en;
			hasScannedForEncodings = 0;
			knownRegions = (
				en,
				Base,
			);
			mainGroup = EA008C7B2237D9E900025332;
			productRefGroup = EA008C852237D9E900025332 /* Products */;
			projectDirPath = "";
			projectRoot = "";
			targets = (
				EA008C832237D9E900025332 /* FIXER */,
			);
		};
/* End PBXProject section */

/* Begin PBXResourcesBuildPhase section */
		EA008C822237D9E900025332 /* Resources */ = {
			isa = PBXResourcesBuildPhase;
			buildActionMask = 2147483647;
			files = (
				EA008C922237D9EB00025332 /* LaunchScreen.storyboard in Resources */,
				EA008C8F2237D9EB00025332 /* Assets.xcassets in Resources */,
				EA008C8D2237D9E900025332 /* Main.storyboard in Resources */,
			);
			runOnlyForDeploymentPostprocessing = 0;
		};
/* End PBXResourcesBuildPhase section */

/* Begin PBXShellScriptBuildPhase section */
		421074B17D52EB8D684C085B /* [CP] Copy Pods Resources */ = {
			isa = PBXShellScriptBuildPhase;
			buildActionMask = 2147483647;
			files = (
			);
			inputPaths = (
			);
			name = "[CP] Copy Pods Resources";
			outputPaths = (
			);
			runOnlyForDeploymentPostprocessing = 0;
			shellPath = /bin/sh;
			shellScript = "\"${SRCROOT}/Pods/Target Support Files/Pods-FIXER/Pods-FIXER-resources.sh\"\n";
			showEnvVarsInLog = 0;
		};
		4277A16BE4DFFC974CCC5BB2 /* [CP] Check Pods Manifest.lock */ = {
			isa = PBXShellScriptBuildPhase;
			buildActionMask = 2147483647;
			files = (
			);
			inputPaths = (
				"${PODS_PODFILE_DIR_PATH}/Podfile.lock",
				"${PODS_ROOT}/Manifest.lock",
			);
			name = "[CP] Check Pods Manifest.lock";
			outputPaths = (
				"$(DERIVED_FILE_DIR)/Pods-FIXER-checkManifestLockResult.txt",
			);
			runOnlyForDeploymentPostprocessing = 0;
			shellPath = /bin/sh;
			shellScript = "diff \"${PODS_PODFILE_DIR_PATH}/Podfile.lock\" \"${PODS_ROOT}/Manifest.lock\" > /dev/null\nif [ $? != 0 ] ; then\n    # print error to STDERR\n    echo \"error: The sandbox is not in sync with the Podfile.lock. Run 'pod install' or update your CocoaPods installation.\" >&2\n    exit 1\nfi\n# This output is used by Xcode 'outputs' to avoid re-running this script phase.\necho \"SUCCESS\" > \"${SCRIPT_OUTPUT_FILE_0}\"\n";
			showEnvVarsInLog = 0;
		};
		5CB1085CA363D482D10CD764 /* [CP] Embed Pods Frameworks */ = {
			isa = PBXShellScriptBuildPhase;
			buildActionMask = 2147483647;
			files = (
			);
			inputPaths = (
				"${SRCROOT}/Pods/Target Support Files/Pods-FIXER/Pods-FIXER-frameworks.sh",
				"${BUILT_PRODUCTS_DIR}/Alamofire/Alamofire.framework",
				"${BUILT_PRODUCTS_DIR}/SwiftyJSON/SwiftyJSON.framework",
			);
			name = "[CP] Embed Pods Frameworks";
			outputPaths = (
				"${TARGET_BUILD_DIR}/${FRAMEWORKS_FOLDER_PATH}/Alamofire.framework",
				"${TARGET_BUILD_DIR}/${FRAMEWORKS_FOLDER_PATH}/SwiftyJSON.framework",
			);
			runOnlyForDeploymentPostprocessing = 0;
			shellPath = /bin/sh;
			shellScript = "\"${SRCROOT}/Pods/Target Support Files/Pods-FIXER/Pods-FIXER-frameworks.sh\"\n";
			showEnvVarsInLog = 0;
		};
/* End PBXShellScriptBuildPhase section */

/* Begin PBXSourcesBuildPhase section */
		EA008C802237D9E900025332 /* Sources */ = {
			isa = PBXSourcesBuildPhase;
			buildActionMask = 2147483647;
			files = (
				EA008C9A2237DA3500025332 /* NetworkLayer.swift in Sources */,
				EA71E0D8224E7B0000A23E96 /* CartTVC.swift in Sources */,
				EA008C8A2237D9E900025332 /* ViewController.swift in Sources */,
				EA8B515A22BCD9FC00C32F06 /* NovaPoshtaAllCity.swift in Sources */,
				EA71E0D4224D29C700A23E96 /* CartVC.swift in Sources */,
				EA71E0D6224D320000A23E96 /* Cart.swift in Sources */,
				EAC5A0B4223C0B1000D16517 /* MenuNextLevel.swift in Sources */,
				EA008C882237D9E900025332 /* AppDelegate.swift in Sources */,
				EA008C9C2237DAC400025332 /* Authorization.swift in Sources */,
				EA6322772238236C0090753B /* Menu.swift in Sources */,
				EA406497227E2BA300EC4BBD /* FinishOrder.swift in Sources */,
				EA71E0D222457E7200A23E96 /* DetailProductVC.swift in Sources */,
				EA9D6BB0223C4233000B8B36 /* ProductCell.swift in Sources */,
				EA9D6BB2223D33AE000B8B36 /* Product.swift in Sources */,
				EA9D6BAE223C3C71000B8B36 /* BoardProduct.swift in Sources */,
				EA00ACB7223A6810009D2F00 /* MenuVC.swift in Sources */,
				EA71E0DA22510F7200A23E96 /* ProductViewModel.swift in Sources */,
			);
			runOnlyForDeploymentPostprocessing = 0;
		};
/* End PBXSourcesBuildPhase section */

/* Begin PBXVariantGroup section */
		EA008C8B2237D9E900025332 /* Main.storyboard */ = {
			isa = PBXVariantGroup;
			children = (
				EA008C8C2237D9E900025332 /* Base */,
			);
			name = Main.storyboard;
			sourceTree = "<group>";
		};
		EA008C902237D9EB00025332 /* LaunchScreen.storyboard */ = {
			isa = PBXVariantGroup;
			children = (
				EA008C912237D9EB00025332 /* Base */,
			);
			name = LaunchScreen.storyboard;
			sourceTree = "<group>";
		};
/* End PBXVariantGroup section */

/* Begin XCBuildConfiguration section */
		EA008C942237D9EB00025332 /* Debug */ = {
			isa = XCBuildConfiguration;
			buildSettings = {
				ALWAYS_SEARCH_USER_PATHS = NO;
				CLANG_ANALYZER_NONNULL = YES;
				CLANG_ANALYZER_NUMBER_OBJECT_CONVERSION = YES_AGGRESSIVE;
				CLANG_CXX_LANGUAGE_STANDARD = "gnu++14";
				CLANG_CXX_LIBRARY = "libc++";
				CLANG_ENABLE_MODULES = YES;
				CLANG_ENABLE_OBJC_ARC = YES;
				CLANG_ENABLE_OBJC_WEAK = YES;
				CLANG_WARN_BLOCK_CAPTURE_AUTORELEASING = YES;
				CLANG_WARN_BOOL_CONVERSION = YES;
				CLANG_WARN_COMMA = YES;
				CLANG_WARN_CONSTANT_CONVERSION = YES;
				CLANG_WARN_DEPRECATED_OBJC_IMPLEMENTATIONS = YES;
				CLANG_WARN_DIRECT_OBJC_ISA_USAGE = YES_ERROR;
				CLANG_WARN_DOCUMENTATION_COMMENTS = YES;
				CLANG_WARN_EMPTY_BODY = YES;
				CLANG_WARN_ENUM_CONVERSION = YES;
				CLANG_WARN_INFINITE_RECURSION = YES;
				CLANG_WARN_INT_CONVERSION = YES;
				CLANG_WARN_NON_LITERAL_NULL_CONVERSION = YES;
				CLANG_WARN_OBJC_IMPLICIT_RETAIN_SELF = YES;
				CLANG_WARN_OBJC_LITERAL_CONVERSION = YES;
				CLANG_WARN_OBJC_ROOT_CLASS = YES_ERROR;
				CLANG_WARN_RANGE_LOOP_ANALYSIS = YES;
				CLANG_WARN_STRICT_PROTOTYPES = YES;
				CLANG_WARN_SUSPICIOUS_MOVE = YES;
				CLANG_WARN_UNGUARDED_AVAILABILITY = YES_AGGRESSIVE;
				CLANG_WARN_UNREACHABLE_CODE = YES;
				CLANG_WARN__DUPLICATE_METHOD_MATCH = YES;
				CODE_SIGN_IDENTITY = "iPhone Developer";
				COPY_PHASE_STRIP = NO;
				DEBUG_INFORMATION_FORMAT = dwarf;
				ENABLE_STRICT_OBJC_MSGSEND = YES;
				ENABLE_TESTABILITY = YES;
				GCC_C_LANGUAGE_STANDARD = gnu11;
				GCC_DYNAMIC_NO_PIC = NO;
				GCC_NO_COMMON_BLOCKS = YES;
				GCC_OPTIMIZATION_LEVEL = 0;
				GCC_PREPROCESSOR_DEFINITIONS = (
					"DEBUG=1",
					"$(inherited)",
				);
				GCC_WARN_64_TO_32_BIT_CONVERSION = YES;
				GCC_WARN_ABOUT_RETURN_TYPE = YES_ERROR;
				GCC_WARN_UNDECLARED_SELECTOR = YES;
				GCC_WARN_UNINITIALIZED_AUTOS = YES_AGGRESSIVE;
				GCC_WARN_UNUSED_FUNCTION = YES;
				GCC_WARN_UNUSED_VARIABLE = YES;
				IPHONEOS_DEPLOYMENT_TARGET = 12.1;
				MTL_ENABLE_DEBUG_INFO = INCLUDE_SOURCE;
				MTL_FAST_MATH = YES;
				ONLY_ACTIVE_ARCH = YES;
				SDKROOT = iphoneos;
				SWIFT_ACTIVE_COMPILATION_CONDITIONS = DEBUG;
				SWIFT_OPTIMIZATION_LEVEL = "-Onone";
			};
			name = Debug;
		};
		EA008C952237D9EB00025332 /* Release */ = {
			isa = XCBuildConfiguration;
			buildSettings = {
				ALWAYS_SEARCH_USER_PATHS = NO;
				CLANG_ANALYZER_NONNULL = YES;
				CLANG_ANALYZER_NUMBER_OBJECT_CONVERSION = YES_AGGRESSIVE;
				CLANG_CXX_LANGUAGE_STANDARD = "gnu++14";
				CLANG_CXX_LIBRARY = "libc++";
				CLANG_ENABLE_MODULES = YES;
				CLANG_ENABLE_OBJC_ARC = YES;
				CLANG_ENABLE_OBJC_WEAK = YES;
				CLANG_WARN_BLOCK_CAPTURE_AUTORELEASING = YES;
				CLANG_WARN_BOOL_CONVERSION = YES;
				CLANG_WARN_COMMA = YES;
				CLANG_WARN_CONSTANT_CONVERSION = YES;
				CLANG_WARN_DEPRECATED_OBJC_IMPLEMENTATIONS = YES;
				CLANG_WARN_DIRECT_OBJC_ISA_USAGE = YES_ERROR;
				CLANG_WARN_DOCUMENTATION_COMMENTS = YES;
				CLANG_WARN_EMPTY_BODY = YES;
				CLANG_WARN_ENUM_CONVERSION = YES;
				CLANG_WARN_INFINITE_RECURSION = YES;
				CLANG_WARN_INT_CONVERSION = YES;
				CLANG_WARN_NON_LITERAL_NULL_CONVERSION = YES;
				CLANG_WARN_OBJC_IMPLICIT_RETAIN_SELF = YES;
				CLANG_WARN_OBJC_LITERAL_CONVERSION = YES;
				CLANG_WARN_OBJC_ROOT_CLASS = YES_ERROR;
				CLANG_WARN_RANGE_LOOP_ANALYSIS = YES;
				CLANG_WARN_STRICT_PROTOTYPES = YES;
				CLANG_WARN_SUSPICIOUS_MOVE = YES;
				CLANG_WARN_UNGUARDED_AVAILABILITY = YES_AGGRESSIVE;
				CLANG_WARN_UNREACHABLE_CODE = YES;
				CLANG_WARN__DUPLICATE_METHOD_MATCH = YES;
				CODE_SIGN_IDENTITY = "iPhone Developer";
				COPY_PHASE_STRIP = NO;
				DEBUG_INFORMATION_FORMAT = "dwarf-with-dsym";
				ENABLE_NS_ASSERTIONS = NO;
				ENABLE_STRICT_OBJC_MSGSEND = YES;
				GCC_C_LANGUAGE_STANDARD = gnu11;
				GCC_NO_COMMON_BLOCKS = YES;
				GCC_WARN_64_TO_32_BIT_CONVERSION = YES;
				GCC_WARN_ABOUT_RETURN_TYPE = YES_ERROR;
				GCC_WARN_UNDECLARED_SELECTOR = YES;
				GCC_WARN_UNINITIALIZED_AUTOS = YES_AGGRESSIVE;
				GCC_WARN_UNUSED_FUNCTION = YES;
				GCC_WARN_UNUSED_VARIABLE = YES;
				IPHONEOS_DEPLOYMENT_TARGET = 12.1;
				MTL_ENABLE_DEBUG_INFO = NO;
				MTL_FAST_MATH = YES;
				SDKROOT = iphoneos;
				SWIFT_COMPILATION_MODE = wholemodule;
				SWIFT_OPTIMIZATION_LEVEL = "-O";
				VALIDATE_PRODUCT = YES;
			};
			name = Release;
		};
		EA008C972237D9EB00025332 /* Debug */ = {
			isa = XCBuildConfiguration;
			baseConfigurationReference = 34D532B0980579CE37EF06C5 /* Pods-FIXER.debug.xcconfig */;
			buildSettings = {
				ASSETCATALOG_COMPILER_APPICON_NAME = AppIcon;
				CODE_SIGN_STYLE = Automatic;
				DEVELOPMENT_TEAM = 4R56U7KD56;
				INFOPLIST_FILE = FIXER/Info.plist;
				IPHONEOS_DEPLOYMENT_TARGET = 12.0;
				LD_RUNPATH_SEARCH_PATHS = (
					"$(inherited)",
					"@executable_path/Frameworks",
				);
				PRODUCT_BUNDLE_IDENTIFIER = Petro.FIXER;
				PRODUCT_NAME = "$(TARGET_NAME)";
				SWIFT_VERSION = 4.2;
				TARGETED_DEVICE_FAMILY = "1,2";
			};
			name = Debug;
		};
		EA008C982237D9EB00025332 /* Release */ = {
			isa = XCBuildConfiguration;
			baseConfigurationReference = 3827E411A37C83F73F58E447 /* Pods-FIXER.release.xcconfig */;
			buildSettings = {
				ASSETCATALOG_COMPILER_APPICON_NAME = AppIcon;
				CODE_SIGN_STYLE = Automatic;
				DEVELOPMENT_TEAM = 4R56U7KD56;
				INFOPLIST_FILE = FIXER/Info.plist;
				IPHONEOS_DEPLOYMENT_TARGET = 12.0;
				LD_RUNPATH_SEARCH_PATHS = (
					"$(inherited)",
					"@executable_path/Frameworks",
				);
				PRODUCT_BUNDLE_IDENTIFIER = Petro.FIXER;
				PRODUCT_NAME = "$(TARGET_NAME)";
				SWIFT_VERSION = 4.2;
				TARGETED_DEVICE_FAMILY = "1,2";
			};
			name = Release;
		};
/* End XCBuildConfiguration section */

/* Begin XCConfigurationList section */
		EA008C7F2237D9E900025332 /* Build configuration list for PBXProject "FIXER" */ = {
			isa = XCConfigurationList;
			buildConfigurations = (
				EA008C942237D9EB00025332 /* Debug */,
				EA008C952237D9EB00025332 /* Release */,
			);
			defaultConfigurationIsVisible = 0;
			defaultConfigurationName = Release;
		};
		EA008C962237D9EB00025332 /* Build configuration list for PBXNativeTarget "FIXER" */ = {
			isa = XCConfigurationList;
			buildConfigurations = (
				EA008C972237D9EB00025332 /* Debug */,
				EA008C982237D9EB00025332 /* Release */,
			);
			defaultConfigurationIsVisible = 0;
			defaultConfigurationName = Release;
		};
/* End XCConfigurationList section */
	};
	rootObject = EA008C7C2237D9E900025332 /* Project object */;
}
