// !$*UTF8*$!
{
	archiveVersion = 1;
	classes = {
	};
	objectVersion = 51;
	objects = {

/* Begin PBXBuildFile section */
		5AC10B779688D5000B57E813 /* Pods_FIXER.framework in Frameworks */ = {isa = PBXBuildFile; fileRef = 86392F0CFF023E7253887E69 /* Pods_FIXER.framework */; };
		AB052EE12444B94C0018C423 /* ModelNovaPoshta.swift in Sources */ = {isa = PBXBuildFile; fileRef = AB052EE02444B94C0018C423 /* ModelNovaPoshta.swift */; };
		AB052EE32445139F0018C423 /* ChooseNovaPoshta.swift in Sources */ = {isa = PBXBuildFile; fileRef = AB052EE22445139F0018C423 /* ChooseNovaPoshta.swift */; };
		AB052EE624451E710018C423 /* AsynchronousOperation.swift in Sources */ = {isa = PBXBuildFile; fileRef = AB052EE524451E710018C423 /* AsynchronousOperation.swift */; };
		AB052EE824451F3D0018C423 /* LoadOfficeNovaPoshta.swift in Sources */ = {isa = PBXBuildFile; fileRef = AB052EE724451F3C0018C423 /* LoadOfficeNovaPoshta.swift */; };
		AB052EEA2445C3000018C423 /* ResultSearchModel.swift in Sources */ = {isa = PBXBuildFile; fileRef = AB052EE92445C2FF0018C423 /* ResultSearchModel.swift */; };
		AB052EEC2445CD0B0018C423 /* OfficesInCityVC.swift in Sources */ = {isa = PBXBuildFile; fileRef = AB052EEB2445CD0B0018C423 /* OfficesInCityVC.swift */; };
		AB4D7E5A244C466F00BFF705 /* ResultSearchNovaPoshta.swift in Sources */ = {isa = PBXBuildFile; fileRef = AB4D7E59244C466F00BFF705 /* ResultSearchNovaPoshta.swift */; };
		AB4D7E5C244C970200BFF705 /* SearchStreetsVC.swift in Sources */ = {isa = PBXBuildFile; fileRef = AB4D7E5B244C970200BFF705 /* SearchStreetsVC.swift */; };
		AB4D7E5E244C9CDB00BFF705 /* StreetsModel.swift in Sources */ = {isa = PBXBuildFile; fileRef = AB4D7E5D244C9CDB00BFF705 /* StreetsModel.swift */; };
		AB4D7E60244CA3DF00BFF705 /* LoadStreetsKyivOperation.swift in Sources */ = {isa = PBXBuildFile; fileRef = AB4D7E5F244CA3DF00BFF705 /* LoadStreetsKyivOperation.swift */; };
		EA008C882237D9E900025332 /* AppDelegate.swift in Sources */ = {isa = PBXBuildFile; fileRef = EA008C872237D9E900025332 /* AppDelegate.swift */; };
		EA008C8D2237D9E900025332 /* Main.storyboard in Resources */ = {isa = PBXBuildFile; fileRef = EA008C8B2237D9E900025332 /* Main.storyboard */; };
		EA008C8F2237D9EB00025332 /* Assets.xcassets in Resources */ = {isa = PBXBuildFile; fileRef = EA008C8E2237D9EB00025332 /* Assets.xcassets */; };
		EA008C922237D9EB00025332 /* LaunchScreen.storyboard in Resources */ = {isa = PBXBuildFile; fileRef = EA008C902237D9EB00025332 /* LaunchScreen.storyboard */; };
		EA008C9A2237DA3500025332 /* NetworkLayer.swift in Sources */ = {isa = PBXBuildFile; fileRef = EA008C992237DA3500025332 /* NetworkLayer.swift */; };
		EA008C9C2237DAC400025332 /* Authorization.swift in Sources */ = {isa = PBXBuildFile; fileRef = EA008C9B2237DAC400025332 /* Authorization.swift */; };
		EA00ACB7223A6810009D2F00 /* MenuVC.swift in Sources */ = {isa = PBXBuildFile; fileRef = EA00ACB6223A6810009D2F00 /* MenuVC.swift */; };
		EA0BC4C823893475003A4402 /* StatusItem.swift in Sources */ = {isa = PBXBuildFile; fileRef = EA0BC4C723893474003A4402 /* StatusItem.swift */; };
		EA1285C32330136800057C06 /* DetailView.swift in Sources */ = {isa = PBXBuildFile; fileRef = EA1285C22330136800057C06 /* DetailView.swift */; };
		EA2F8809231585DB00052340 /* MenuCell.swift in Sources */ = {isa = PBXBuildFile; fileRef = EA2F8808231585DB00052340 /* MenuCell.swift */; };
		EA344AC92317F2EE00C0BC76 /* MenuNextLevelCell.swift in Sources */ = {isa = PBXBuildFile; fileRef = EA344AC82317F2EE00C0BC76 /* MenuNextLevelCell.swift */; };
		EA344ACB231A8F3500C0BC76 /* ImageSlider.swift in Sources */ = {isa = PBXBuildFile; fileRef = EA344ACA231A8F3500C0BC76 /* ImageSlider.swift */; };
		EA406497227E2BA300EC4BBD /* FinishOrder.swift in Sources */ = {isa = PBXBuildFile; fileRef = EA406496227E2BA300EC4BBD /* FinishOrder.swift */; };
		EA4C3BF02338DB9D005EE5B0 /* BoardCell.swift in Sources */ = {isa = PBXBuildFile; fileRef = EA4C3BEF2338DB9D005EE5B0 /* BoardCell.swift */; };
		EA56125823808787009BC0D0 /* InternetConnection.swift in Sources */ = {isa = PBXBuildFile; fileRef = EA56125723808787009BC0D0 /* InternetConnection.swift */; };
		EA56125E238350B5009BC0D0 /* StartScreenVC.swift in Sources */ = {isa = PBXBuildFile; fileRef = EA56125D238350B5009BC0D0 /* StartScreenVC.swift */; };
		EA5612602385CC54009BC0D0 /* NoInternetVC.swift in Sources */ = {isa = PBXBuildFile; fileRef = EA56125F2385CC54009BC0D0 /* NoInternetVC.swift */; };
		EA56126423881B3E009BC0D0 /* NoConnectionVC.swift in Sources */ = {isa = PBXBuildFile; fileRef = EA56126323881B3E009BC0D0 /* NoConnectionVC.swift */; };
		EA561266238848DE009BC0D0 /* noInternet.storyboard in Resources */ = {isa = PBXBuildFile; fileRef = EA561265238848DD009BC0D0 /* noInternet.storyboard */; };
		EA6322772238236C0090753B /* Menu.swift in Sources */ = {isa = PBXBuildFile; fileRef = EA6322762238236C0090753B /* Menu.swift */; };
		EA71E0D222457E7200A23E96 /* DetailProductVC.swift in Sources */ = {isa = PBXBuildFile; fileRef = EA71E0D122457E7100A23E96 /* DetailProductVC.swift */; };
		EA71E0D4224D29C700A23E96 /* CartVC.swift in Sources */ = {isa = PBXBuildFile; fileRef = EA71E0D3224D29C700A23E96 /* CartVC.swift */; };
		EA71E0D6224D320000A23E96 /* Cart.swift in Sources */ = {isa = PBXBuildFile; fileRef = EA71E0D5224D320000A23E96 /* Cart.swift */; };
		EA71E0D8224E7B0000A23E96 /* CartTVC.swift in Sources */ = {isa = PBXBuildFile; fileRef = EA71E0D7224E7B0000A23E96 /* CartTVC.swift */; };
		EA71E0DA22510F7200A23E96 /* ProductViewModel.swift in Sources */ = {isa = PBXBuildFile; fileRef = EA71E0D922510F7200A23E96 /* ProductViewModel.swift */; };
		EA8B515A22BCD9FC00C32F06 /* NovaPoshtaAllCity.swift in Sources */ = {isa = PBXBuildFile; fileRef = EA8B515922BCD9FC00C32F06 /* NovaPoshtaAllCity.swift */; };
		EA99DC1F233A54A4000ADCC7 /* BoardProducts.swift in Sources */ = {isa = PBXBuildFile; fileRef = EA99DC1E233A54A4000ADCC7 /* BoardProducts.swift */; };
		EA9D6BAE223C3C71000B8B36 /* BoardProduct.swift in Sources */ = {isa = PBXBuildFile; fileRef = EA9D6BAD223C3C71000B8B36 /* BoardProduct.swift */; };
		EA9D6BB0223C4233000B8B36 /* ProductCell.swift in Sources */ = {isa = PBXBuildFile; fileRef = EA9D6BAF223C4233000B8B36 /* ProductCell.swift */; };
		EA9D6BB2223D33AE000B8B36 /* Product.swift in Sources */ = {isa = PBXBuildFile; fileRef = EA9D6BB1223D33AE000B8B36 /* Product.swift */; };
		EAC5A0B4223C0B1000D16517 /* MenuNextLevel.swift in Sources */ = {isa = PBXBuildFile; fileRef = EAC5A0B3223C0B1000D16517 /* MenuNextLevel.swift */; };
		EAE55153230C4B670058C236 /* Urls.swift in Sources */ = {isa = PBXBuildFile; fileRef = EAE55152230C4B670058C236 /* Urls.swift */; };
/* End PBXBuildFile section */

/* Begin PBXFileReference section */
		5AEA56F6172672436CBCE7BD /* Pods-FIXER.release.xcconfig */ = {isa = PBXFileReference; includeInIndex = 1; lastKnownFileType = text.xcconfig; name = "Pods-FIXER.release.xcconfig"; path = "Pods/Target Support Files/Pods-FIXER/Pods-FIXER.release.xcconfig"; sourceTree = "<group>"; };
		7F053B5E024662DD14047FC0 /* Pods-FIXER.debug.xcconfig */ = {isa = PBXFileReference; includeInIndex = 1; lastKnownFileType = text.xcconfig; name = "Pods-FIXER.debug.xcconfig"; path = "Pods/Target Support Files/Pods-FIXER/Pods-FIXER.debug.xcconfig"; sourceTree = "<group>"; };
		86392F0CFF023E7253887E69 /* Pods_FIXER.framework */ = {isa = PBXFileReference; explicitFileType = wrapper.framework; includeInIndex = 0; path = Pods_FIXER.framework; sourceTree = BUILT_PRODUCTS_DIR; };
		AB052EE02444B94C0018C423 /* ModelNovaPoshta.swift */ = {isa = PBXFileReference; lastKnownFileType = sourcecode.swift; path = ModelNovaPoshta.swift; sourceTree = "<group>"; };
		AB052EE22445139F0018C423 /* ChooseNovaPoshta.swift */ = {isa = PBXFileReference; lastKnownFileType = sourcecode.swift; path = ChooseNovaPoshta.swift; sourceTree = "<group>"; };
		AB052EE524451E710018C423 /* AsynchronousOperation.swift */ = {isa = PBXFileReference; lastKnownFileType = sourcecode.swift; path = AsynchronousOperation.swift; sourceTree = "<group>"; };
		AB052EE724451F3C0018C423 /* LoadOfficeNovaPoshta.swift */ = {isa = PBXFileReference; lastKnownFileType = sourcecode.swift; path = LoadOfficeNovaPoshta.swift; sourceTree = "<group>"; };
		AB052EE92445C2FF0018C423 /* ResultSearchModel.swift */ = {isa = PBXFileReference; lastKnownFileType = sourcecode.swift; path = ResultSearchModel.swift; sourceTree = "<group>"; };
		AB052EEB2445CD0B0018C423 /* OfficesInCityVC.swift */ = {isa = PBXFileReference; lastKnownFileType = sourcecode.swift; path = OfficesInCityVC.swift; sourceTree = "<group>"; };
		AB4D7E59244C466F00BFF705 /* ResultSearchNovaPoshta.swift */ = {isa = PBXFileReference; lastKnownFileType = sourcecode.swift; path = ResultSearchNovaPoshta.swift; sourceTree = "<group>"; };
		AB4D7E5B244C970200BFF705 /* SearchStreetsVC.swift */ = {isa = PBXFileReference; lastKnownFileType = sourcecode.swift; path = SearchStreetsVC.swift; sourceTree = "<group>"; };
		AB4D7E5D244C9CDB00BFF705 /* StreetsModel.swift */ = {isa = PBXFileReference; lastKnownFileType = sourcecode.swift; path = StreetsModel.swift; sourceTree = "<group>"; };
		AB4D7E5F244CA3DF00BFF705 /* LoadStreetsKyivOperation.swift */ = {isa = PBXFileReference; lastKnownFileType = sourcecode.swift; path = LoadStreetsKyivOperation.swift; sourceTree = "<group>"; };
		EA008C842237D9E900025332 /* Fixcenter.app */ = {isa = PBXFileReference; explicitFileType = wrapper.application; includeInIndex = 0; path = Fixcenter.app; sourceTree = BUILT_PRODUCTS_DIR; };
		EA008C872237D9E900025332 /* AppDelegate.swift */ = {isa = PBXFileReference; lastKnownFileType = sourcecode.swift; path = AppDelegate.swift; sourceTree = "<group>"; };
		EA008C8C2237D9E900025332 /* Base */ = {isa = PBXFileReference; lastKnownFileType = file.storyboard; name = Base; path = Base.lproj/Main.storyboard; sourceTree = "<group>"; };
		EA008C8E2237D9EB00025332 /* Assets.xcassets */ = {isa = PBXFileReference; lastKnownFileType = folder.assetcatalog; path = Assets.xcassets; sourceTree = "<group>"; };
		EA008C912237D9EB00025332 /* Base */ = {isa = PBXFileReference; lastKnownFileType = file.storyboard; name = Base; path = Base.lproj/LaunchScreen.storyboard; sourceTree = "<group>"; };
		EA008C932237D9EB00025332 /* Info.plist */ = {isa = PBXFileReference; lastKnownFileType = text.plist.xml; path = Info.plist; sourceTree = "<group>"; };
		EA008C992237DA3500025332 /* NetworkLayer.swift */ = {isa = PBXFileReference; lastKnownFileType = sourcecode.swift; path = NetworkLayer.swift; sourceTree = "<group>"; };
		EA008C9B2237DAC400025332 /* Authorization.swift */ = {isa = PBXFileReference; lastKnownFileType = sourcecode.swift; path = Authorization.swift; sourceTree = "<group>"; };
		EA00ACB6223A6810009D2F00 /* MenuVC.swift */ = {isa = PBXFileReference; lastKnownFileType = sourcecode.swift; path = MenuVC.swift; sourceTree = "<group>"; };
		EA0BC4C723893474003A4402 /* StatusItem.swift */ = {isa = PBXFileReference; lastKnownFileType = sourcecode.swift; path = StatusItem.swift; sourceTree = "<group>"; };
		EA1285C22330136800057C06 /* DetailView.swift */ = {isa = PBXFileReference; lastKnownFileType = sourcecode.swift; path = DetailView.swift; sourceTree = "<group>"; };
		EA2F8808231585DB00052340 /* MenuCell.swift */ = {isa = PBXFileReference; lastKnownFileType = sourcecode.swift; path = MenuCell.swift; sourceTree = "<group>"; };
		EA344AC82317F2EE00C0BC76 /* MenuNextLevelCell.swift */ = {isa = PBXFileReference; lastKnownFileType = sourcecode.swift; path = MenuNextLevelCell.swift; sourceTree = "<group>"; };
		EA344ACA231A8F3500C0BC76 /* ImageSlider.swift */ = {isa = PBXFileReference; lastKnownFileType = sourcecode.swift; path = ImageSlider.swift; sourceTree = "<group>"; };
		EA406496227E2BA300EC4BBD /* FinishOrder.swift */ = {isa = PBXFileReference; lastKnownFileType = sourcecode.swift; path = FinishOrder.swift; sourceTree = "<group>"; };
		EA4C3BEF2338DB9D005EE5B0 /* BoardCell.swift */ = {isa = PBXFileReference; lastKnownFileType = sourcecode.swift; path = BoardCell.swift; sourceTree = "<group>"; };
		EA56125723808787009BC0D0 /* InternetConnection.swift */ = {isa = PBXFileReference; lastKnownFileType = sourcecode.swift; path = InternetConnection.swift; sourceTree = "<group>"; };
		EA56125D238350B5009BC0D0 /* StartScreenVC.swift */ = {isa = PBXFileReference; lastKnownFileType = sourcecode.swift; path = StartScreenVC.swift; sourceTree = "<group>"; };
		EA56125F2385CC54009BC0D0 /* NoInternetVC.swift */ = {isa = PBXFileReference; lastKnownFileType = sourcecode.swift; path = NoInternetVC.swift; sourceTree = "<group>"; };
		EA56126323881B3E009BC0D0 /* NoConnectionVC.swift */ = {isa = PBXFileReference; lastKnownFileType = sourcecode.swift; path = NoConnectionVC.swift; sourceTree = "<group>"; };
		EA561265238848DD009BC0D0 /* noInternet.storyboard */ = {isa = PBXFileReference; lastKnownFileType = file.storyboard; path = noInternet.storyboard; sourceTree = "<group>"; };
		EA6322762238236C0090753B /* Menu.swift */ = {isa = PBXFileReference; lastKnownFileType = sourcecode.swift; path = Menu.swift; sourceTree = "<group>"; };
		EA71E0D122457E7100A23E96 /* DetailProductVC.swift */ = {isa = PBXFileReference; lastKnownFileType = sourcecode.swift; path = DetailProductVC.swift; sourceTree = "<group>"; };
		EA71E0D3224D29C700A23E96 /* CartVC.swift */ = {isa = PBXFileReference; lastKnownFileType = sourcecode.swift; path = CartVC.swift; sourceTree = "<group>"; };
		EA71E0D5224D320000A23E96 /* Cart.swift */ = {isa = PBXFileReference; lastKnownFileType = sourcecode.swift; path = Cart.swift; sourceTree = "<group>"; };
		EA71E0D7224E7B0000A23E96 /* CartTVC.swift */ = {isa = PBXFileReference; lastKnownFileType = sourcecode.swift; path = CartTVC.swift; sourceTree = "<group>"; };
		EA71E0D922510F7200A23E96 /* ProductViewModel.swift */ = {isa = PBXFileReference; lastKnownFileType = sourcecode.swift; path = ProductViewModel.swift; sourceTree = "<group>"; };
		EA8B515922BCD9FC00C32F06 /* NovaPoshtaAllCity.swift */ = {isa = PBXFileReference; lastKnownFileType = sourcecode.swift; path = NovaPoshtaAllCity.swift; sourceTree = "<group>"; };
		EA99DC1E233A54A4000ADCC7 /* BoardProducts.swift */ = {isa = PBXFileReference; lastKnownFileType = sourcecode.swift; path = BoardProducts.swift; sourceTree = "<group>"; };
		EA9D6BAD223C3C71000B8B36 /* BoardProduct.swift */ = {isa = PBXFileReference; lastKnownFileType = sourcecode.swift; path = BoardProduct.swift; sourceTree = "<group>"; };
		EA9D6BAF223C4233000B8B36 /* ProductCell.swift */ = {isa = PBXFileReference; lastKnownFileType = sourcecode.swift; path = ProductCell.swift; sourceTree = "<group>"; };
		EA9D6BB1223D33AE000B8B36 /* Product.swift */ = {isa = PBXFileReference; lastKnownFileType = sourcecode.swift; path = Product.swift; sourceTree = "<group>"; };
		EAC5A0B3223C0B1000D16517 /* MenuNextLevel.swift */ = {isa = PBXFileReference; lastKnownFileType = sourcecode.swift; path = MenuNextLevel.swift; sourceTree = "<group>"; };
		EAE55152230C4B670058C236 /* Urls.swift */ = {isa = PBXFileReference; lastKnownFileType = sourcecode.swift; path = Urls.swift; sourceTree = "<group>"; };
/* End PBXFileReference section */

/* Begin PBXFrameworksBuildPhase section */
		EA008C812237D9E900025332 /* Frameworks */ = {
			isa = PBXFrameworksBuildPhase;
			buildActionMask = 2147483647;
			files = (
				5AC10B779688D5000B57E813 /* Pods_FIXER.framework in Frameworks */,
			);
			runOnlyForDeploymentPostprocessing = 0;
		};
/* End PBXFrameworksBuildPhase section */

/* Begin PBXGroup section */
		28C72FA547A3455C440B504C /* Frameworks */ = {
			isa = PBXGroup;
			children = (
				86392F0CFF023E7253887E69 /* Pods_FIXER.framework */,
			);
			name = Frameworks;
			sourceTree = "<group>";
		};
		7EE846B3D8C907D301FAF6DC /* Pods */ = {
			isa = PBXGroup;
			children = (
				7F053B5E024662DD14047FC0 /* Pods-FIXER.debug.xcconfig */,
				5AEA56F6172672436CBCE7BD /* Pods-FIXER.release.xcconfig */,
			);
			name = Pods;
			sourceTree = "<group>";
		};
		AB052EE424451D8E0018C423 /* Extension */ = {
			isa = PBXGroup;
			children = (
				AB052EE524451E710018C423 /* AsynchronousOperation.swift */,
			);
			name = Extension;
			path = Controllers;
			sourceTree = "<group>";
		};
		EA008C7B2237D9E900025332 = {
			isa = PBXGroup;
			children = (
				EA008C862237D9E900025332 /* FIXER */,
				EA008C852237D9E900025332 /* Products */,
				7EE846B3D8C907D301FAF6DC /* Pods */,
				28C72FA547A3455C440B504C /* Frameworks */,
			);
			sourceTree = "<group>";
		};
		EA008C852237D9E900025332 /* Products */ = {
			isa = PBXGroup;
			children = (
				EA008C842237D9E900025332 /* Fixcenter.app */,
			);
			name = Products;
			sourceTree = "<group>";
		};
		EA008C862237D9E900025332 /* FIXER */ = {
			isa = PBXGroup;
			children = (
				EAC5A0AE223B97C100D16517 /* Models */,
				EAE5514F230C29E70058C236 /* Views */,
				EAE55150230C29F30058C236 /* Controllers */,
				AB052EE424451D8E0018C423 /* Extension */,
				EAE55151230C2AB80058C236 /* Resources */,
			);
			path = FIXER;
			sourceTree = "<group>";
		};
		EAC5A0AE223B97C100D16517 /* Models */ = {
			isa = PBXGroup;
			children = (
				EA008C992237DA3500025332 /* NetworkLayer.swift */,
				EA008C9B2237DAC400025332 /* Authorization.swift */,
				EA0BC4C723893474003A4402 /* StatusItem.swift */,
				EAE55152230C4B670058C236 /* Urls.swift */,
				EA8B515922BCD9FC00C32F06 /* NovaPoshtaAllCity.swift */,
				EA71E0D5224D320000A23E96 /* Cart.swift */,
				EA9D6BB1223D33AE000B8B36 /* Product.swift */,
				EA6322762238236C0090753B /* Menu.swift */,
				EA71E0D922510F7200A23E96 /* ProductViewModel.swift */,
				EA56125723808787009BC0D0 /* InternetConnection.swift */,
				AB052EE02444B94C0018C423 /* ModelNovaPoshta.swift */,
				AB052EE724451F3C0018C423 /* LoadOfficeNovaPoshta.swift */,
				AB4D7E5F244CA3DF00BFF705 /* LoadStreetsKyivOperation.swift */,
				AB052EE92445C2FF0018C423 /* ResultSearchModel.swift */,
				AB4D7E59244C466F00BFF705 /* ResultSearchNovaPoshta.swift */,
				AB4D7E5D244C9CDB00BFF705 /* StreetsModel.swift */,
			);
			path = Models;
			sourceTree = "<group>";
		};
		EAE5514F230C29E70058C236 /* Views */ = {
			isa = PBXGroup;
			children = (
				EA9D6BAF223C4233000B8B36 /* ProductCell.swift */,
				EA4C3BEF2338DB9D005EE5B0 /* BoardCell.swift */,
				EA1285C22330136800057C06 /* DetailView.swift */,
				EA71E0D7224E7B0000A23E96 /* CartTVC.swift */,
				EA2F8808231585DB00052340 /* MenuCell.swift */,
				EA344AC82317F2EE00C0BC76 /* MenuNextLevelCell.swift */,
				EA344ACA231A8F3500C0BC76 /* ImageSlider.swift */,
				EA008C902237D9EB00025332 /* LaunchScreen.storyboard */,
				EA561265238848DD009BC0D0 /* noInternet.storyboard */,
				EA008C8B2237D9E900025332 /* Main.storyboard */,
			);
			path = Views;
			sourceTree = "<group>";
		};
		EAE55150230C29F30058C236 /* Controllers */ = {
			isa = PBXGroup;
			children = (
				EA008C872237D9E900025332 /* AppDelegate.swift */,
				EA56125D238350B5009BC0D0 /* StartScreenVC.swift */,
				EA00ACB6223A6810009D2F00 /* MenuVC.swift */,
				EAC5A0B3223C0B1000D16517 /* MenuNextLevel.swift */,
				EA99DC1E233A54A4000ADCC7 /* BoardProducts.swift */,
				EA71E0D122457E7100A23E96 /* DetailProductVC.swift */,
				EA71E0D3224D29C700A23E96 /* CartVC.swift */,
				AB4D7E5B244C970200BFF705 /* SearchStreetsVC.swift */,
				AB052EE22445139F0018C423 /* ChooseNovaPoshta.swift */,
				EA406496227E2BA300EC4BBD /* FinishOrder.swift */,
				EA56125F2385CC54009BC0D0 /* NoInternetVC.swift */,
				EA56126323881B3E009BC0D0 /* NoConnectionVC.swift */,
				EA9D6BAD223C3C71000B8B36 /* BoardProduct.swift */,
				AB052EEB2445CD0B0018C423 /* OfficesInCityVC.swift */,
			);
			path = Controllers;
			sourceTree = "<group>";
		};
		EAE55151230C2AB80058C236 /* Resources */ = {
			isa = PBXGroup;
			children = (
				EA008C8E2237D9EB00025332 /* Assets.xcassets */,
				EA008C932237D9EB00025332 /* Info.plist */,
			);
			path = Resources;
			sourceTree = "<group>";
		};
/* End PBXGroup section */

/* Begin PBXNativeTarget section */
		EA008C832237D9E900025332 /* FIXER */ = {
			isa = PBXNativeTarget;
			buildConfigurationList = EA008C962237D9EB00025332 /* Build configuration list for PBXNativeTarget "FIXER" */;
			buildPhases = (
				7F1B21E56AC994A1073DFE57 /* [CP] Check Pods Manifest.lock */,
				EA008C802237D9E900025332 /* Sources */,
				EA008C812237D9E900025332 /* Frameworks */,
				EA008C822237D9E900025332 /* Resources */,
				68C458FEC5CEA0CA418F8DF7 /* [CP] Embed Pods Frameworks */,
			);
			buildRules = (
			);
			dependencies = (
			);
			name = FIXER;
			productName = FIXER;
			productReference = EA008C842237D9E900025332 /* Fixcenter.app */;
			productType = "com.apple.product-type.application";
		};
/* End PBXNativeTarget section */

/* Begin PBXProject section */
		EA008C7C2237D9E900025332 /* Project object */ = {
			isa = PBXProject;
			attributes = {
				LastSwiftUpdateCheck = 1010;
				LastUpgradeCheck = 1010;
				ORGANIZATIONNAME = Petro;
				TargetAttributes = {
					EA008C832237D9E900025332 = {
						CreatedOnToolsVersion = 10.1;
						LastSwiftMigration = 1100;
					};
				};
			};
			buildConfigurationList = EA008C7F2237D9E900025332 /* Build configuration list for PBXProject "FIXER" */;
			compatibilityVersion = "Xcode 9.3";
			developmentRegion = en;
			hasScannedForEncodings = 0;
			knownRegions = (
				en,
				Base,
			);
			mainGroup = EA008C7B2237D9E900025332;
			productRefGroup = EA008C852237D9E900025332 /* Products */;
			projectDirPath = "";
			projectRoot = "";
			targets = (
				EA008C832237D9E900025332 /* FIXER */,
			);
		};
/* End PBXProject section */

/* Begin PBXResourcesBuildPhase section */
		EA008C822237D9E900025332 /* Resources */ = {
			isa = PBXResourcesBuildPhase;
			buildActionMask = 2147483647;
			files = (
				EA008C922237D9EB00025332 /* LaunchScreen.storyboard in Resources */,
				EA008C8F2237D9EB00025332 /* Assets.xcassets in Resources */,
				EA561266238848DE009BC0D0 /* noInternet.storyboard in Resources */,
				EA008C8D2237D9E900025332 /* Main.storyboard in Resources */,
			);
			runOnlyForDeploymentPostprocessing = 0;
		};
/* End PBXResourcesBuildPhase section */

/* Begin PBXShellScriptBuildPhase section */
		68C458FEC5CEA0CA418F8DF7 /* [CP] Embed Pods Frameworks */ = {
			isa = PBXShellScriptBuildPhase;
			buildActionMask = 2147483647;
			files = (
			);
			inputFileListPaths = (
				"${PODS_ROOT}/Target Support Files/Pods-FIXER/Pods-FIXER-frameworks-${CONFIGURATION}-input-files.xcfilelist",
			);
			name = "[CP] Embed Pods Frameworks";
			outputFileListPaths = (
				"${PODS_ROOT}/Target Support Files/Pods-FIXER/Pods-FIXER-frameworks-${CONFIGURATION}-output-files.xcfilelist",
			);
			runOnlyForDeploymentPostprocessing = 0;
			shellPath = /bin/sh;
			shellScript = "\"${PODS_ROOT}/Target Support Files/Pods-FIXER/Pods-FIXER-frameworks.sh\"\n";
			showEnvVarsInLog = 0;
		};
		7F1B21E56AC994A1073DFE57 /* [CP] Check Pods Manifest.lock */ = {
			isa = PBXShellScriptBuildPhase;
			buildActionMask = 2147483647;
			files = (
			);
			inputPaths = (
				"${PODS_PODFILE_DIR_PATH}/Podfile.lock",
				"${PODS_ROOT}/Manifest.lock",
			);
			name = "[CP] Check Pods Manifest.lock";
			outputPaths = (
				"$(DERIVED_FILE_DIR)/Pods-FIXER-checkManifestLockResult.txt",
			);
			runOnlyForDeploymentPostprocessing = 0;
			shellPath = /bin/sh;
			shellScript = "diff \"${PODS_PODFILE_DIR_PATH}/Podfile.lock\" \"${PODS_ROOT}/Manifest.lock\" > /dev/null\nif [ $? != 0 ] ; then\n    # print error to STDERR\n    echo \"error: The sandbox is not in sync with the Podfile.lock. Run 'pod install' or update your CocoaPods installation.\" >&2\n    exit 1\nfi\n# This output is used by Xcode 'outputs' to avoid re-running this script phase.\necho \"SUCCESS\" > \"${SCRIPT_OUTPUT_FILE_0}\"\n";
			showEnvVarsInLog = 0;
		};
/* End PBXShellScriptBuildPhase section */

/* Begin PBXSourcesBuildPhase section */
		EA008C802237D9E900025332 /* Sources */ = {
			isa = PBXSourcesBuildPhase;
			buildActionMask = 2147483647;
			files = (
				AB052EEC2445CD0B0018C423 /* OfficesInCityVC.swift in Sources */,
				EA344AC92317F2EE00C0BC76 /* MenuNextLevelCell.swift in Sources */,
				EA008C9A2237DA3500025332 /* NetworkLayer.swift in Sources */,
				EA71E0D8224E7B0000A23E96 /* CartTVC.swift in Sources */,
				EA8B515A22BCD9FC00C32F06 /* NovaPoshtaAllCity.swift in Sources */,
				AB052EE824451F3D0018C423 /* LoadOfficeNovaPoshta.swift in Sources */,
				EA56125E238350B5009BC0D0 /* StartScreenVC.swift in Sources */,
				AB052EE12444B94C0018C423 /* ModelNovaPoshta.swift in Sources */,
				AB4D7E5E244C9CDB00BFF705 /* StreetsModel.swift in Sources */,
				EA4C3BF02338DB9D005EE5B0 /* BoardCell.swift in Sources */,
				EA71E0D4224D29C700A23E96 /* CartVC.swift in Sources */,
				EA71E0D6224D320000A23E96 /* Cart.swift in Sources */,
				EA99DC1F233A54A4000ADCC7 /* BoardProducts.swift in Sources */,
				EA344ACB231A8F3500C0BC76 /* ImageSlider.swift in Sources */,
				AB052EE32445139F0018C423 /* ChooseNovaPoshta.swift in Sources */,
				EAC5A0B4223C0B1000D16517 /* MenuNextLevel.swift in Sources */,
				EA2F8809231585DB00052340 /* MenuCell.swift in Sources */,
				EA008C882237D9E900025332 /* AppDelegate.swift in Sources */,
				AB052EEA2445C3000018C423 /* ResultSearchModel.swift in Sources */,
				EA56125823808787009BC0D0 /* InternetConnection.swift in Sources */,
				AB052EE624451E710018C423 /* AsynchronousOperation.swift in Sources */,
				EA1285C32330136800057C06 /* DetailView.swift in Sources */,
				EA008C9C2237DAC400025332 /* Authorization.swift in Sources */,
				EAE55153230C4B670058C236 /* Urls.swift in Sources */,
				EA6322772238236C0090753B /* Menu.swift in Sources */,
				EA0BC4C823893475003A4402 /* StatusItem.swift in Sources */,
				EA5612602385CC54009BC0D0 /* NoInternetVC.swift in Sources */,
				EA406497227E2BA300EC4BBD /* FinishOrder.swift in Sources */,
				EA71E0D222457E7200A23E96 /* DetailProductVC.swift in Sources */,
				EA9D6BB0223C4233000B8B36 /* ProductCell.swift in Sources */,
				AB4D7E5C244C970200BFF705 /* SearchStreetsVC.swift in Sources */,
				EA9D6BB2223D33AE000B8B36 /* Product.swift in Sources */,
				AB4D7E5A244C466F00BFF705 /* ResultSearchNovaPoshta.swift in Sources */,
				AB4D7E60244CA3DF00BFF705 /* LoadStreetsKyivOperation.swift in Sources */,
				EA9D6BAE223C3C71000B8B36 /* BoardProduct.swift in Sources */,
				EA56126423881B3E009BC0D0 /* NoConnectionVC.swift in Sources */,
				EA00ACB7223A6810009D2F00 /* MenuVC.swift in Sources */,
				EA71E0DA22510F7200A23E96 /* ProductViewModel.swift in Sources */,
			);
			runOnlyForDeploymentPostprocessing = 0;
		};
/* End PBXSourcesBuildPhase section */

/* Begin PBXVariantGroup section */
		EA008C8B2237D9E900025332 /* Main.storyboard */ = {
			isa = PBXVariantGroup;
			children = (
				EA008C8C2237D9E900025332 /* Base */,
			);
			name = Main.storyboard;
			sourceTree = "<group>";
		};
		EA008C902237D9EB00025332 /* LaunchScreen.storyboard */ = {
			isa = PBXVariantGroup;
			children = (
				EA008C912237D9EB00025332 /* Base */,
			);
			name = LaunchScreen.storyboard;
			sourceTree = "<group>";
		};
/* End PBXVariantGroup section */

/* Begin XCBuildConfiguration section */
		EA008C942237D9EB00025332 /* Debug */ = {
			isa = XCBuildConfiguration;
			buildSettings = {
				ALWAYS_SEARCH_USER_PATHS = NO;
				CLANG_ANALYZER_NONNULL = YES;
				CLANG_ANALYZER_NUMBER_OBJECT_CONVERSION = YES_AGGRESSIVE;
				CLANG_CXX_LANGUAGE_STANDARD = "gnu++14";
				CLANG_CXX_LIBRARY = "libc++";
				CLANG_ENABLE_MODULES = YES;
				CLANG_ENABLE_OBJC_ARC = YES;
				CLANG_ENABLE_OBJC_WEAK = YES;
				CLANG_WARN_BLOCK_CAPTURE_AUTORELEASING = YES;
				CLANG_WARN_BOOL_CONVERSION = YES;
				CLANG_WARN_COMMA = YES;
				CLANG_WARN_CONSTANT_CONVERSION = YES;
				CLANG_WARN_DEPRECATED_OBJC_IMPLEMENTATIONS = YES;
				CLANG_WARN_DIRECT_OBJC_ISA_USAGE = YES_ERROR;
				CLANG_WARN_DOCUMENTATION_COMMENTS = YES;
				CLANG_WARN_EMPTY_BODY = YES;
				CLANG_WARN_ENUM_CONVERSION = YES;
				CLANG_WARN_INFINITE_RECURSION = YES;
				CLANG_WARN_INT_CONVERSION = YES;
				CLANG_WARN_NON_LITERAL_NULL_CONVERSION = YES;
				CLANG_WARN_OBJC_IMPLICIT_RETAIN_SELF = YES;
				CLANG_WARN_OBJC_LITERAL_CONVERSION = YES;
				CLANG_WARN_OBJC_ROOT_CLASS = YES_ERROR;
				CLANG_WARN_RANGE_LOOP_ANALYSIS = YES;
				CLANG_WARN_STRICT_PROTOTYPES = YES;
				CLANG_WARN_SUSPICIOUS_MOVE = YES;
				CLANG_WARN_UNGUARDED_AVAILABILITY = YES_AGGRESSIVE;
				CLANG_WARN_UNREACHABLE_CODE = YES;
				CLANG_WARN__DUPLICATE_METHOD_MATCH = YES;
				CODE_SIGN_IDENTITY = "iPhone Developer";
				COPY_PHASE_STRIP = NO;
				DEBUG_INFORMATION_FORMAT = dwarf;
				ENABLE_STRICT_OBJC_MSGSEND = YES;
				ENABLE_TESTABILITY = YES;
				GCC_C_LANGUAGE_STANDARD = gnu11;
				GCC_DYNAMIC_NO_PIC = NO;
				GCC_NO_COMMON_BLOCKS = YES;
				GCC_OPTIMIZATION_LEVEL = 0;
				GCC_PREPROCESSOR_DEFINITIONS = (
					"DEBUG=1",
					"$(inherited)",
				);
				GCC_WARN_64_TO_32_BIT_CONVERSION = YES;
				GCC_WARN_ABOUT_RETURN_TYPE = YES_ERROR;
				GCC_WARN_UNDECLARED_SELECTOR = YES;
				GCC_WARN_UNINITIALIZED_AUTOS = YES_AGGRESSIVE;
				GCC_WARN_UNUSED_FUNCTION = YES;
				GCC_WARN_UNUSED_VARIABLE = YES;
				IPHONEOS_DEPLOYMENT_TARGET = 12.1;
				MTL_ENABLE_DEBUG_INFO = INCLUDE_SOURCE;
				MTL_FAST_MATH = YES;
				ONLY_ACTIVE_ARCH = YES;
				SDKROOT = iphoneos;
				SWIFT_ACTIVE_COMPILATION_CONDITIONS = DEBUG;
				SWIFT_OPTIMIZATION_LEVEL = "-Onone";
				SWIFT_VERSION = "";
			};
			name = Debug;
		};
		EA008C952237D9EB00025332 /* Release */ = {
			isa = XCBuildConfiguration;
			buildSettings = {
				ALWAYS_SEARCH_USER_PATHS = NO;
				CLANG_ANALYZER_NONNULL = YES;
				CLANG_ANALYZER_NUMBER_OBJECT_CONVERSION = YES_AGGRESSIVE;
				CLANG_CXX_LANGUAGE_STANDARD = "gnu++14";
				CLANG_CXX_LIBRARY = "libc++";
				CLANG_ENABLE_MODULES = YES;
				CLANG_ENABLE_OBJC_ARC = YES;
				CLANG_ENABLE_OBJC_WEAK = YES;
				CLANG_WARN_BLOCK_CAPTURE_AUTORELEASING = YES;
				CLANG_WARN_BOOL_CONVERSION = YES;
				CLANG_WARN_COMMA = YES;
				CLANG_WARN_CONSTANT_CONVERSION = YES;
				CLANG_WARN_DEPRECATED_OBJC_IMPLEMENTATIONS = YES;
				CLANG_WARN_DIRECT_OBJC_ISA_USAGE = YES_ERROR;
				CLANG_WARN_DOCUMENTATION_COMMENTS = YES;
				CLANG_WARN_EMPTY_BODY = YES;
				CLANG_WARN_ENUM_CONVERSION = YES;
				CLANG_WARN_INFINITE_RECURSION = YES;
				CLANG_WARN_INT_CONVERSION = YES;
				CLANG_WARN_NON_LITERAL_NULL_CONVERSION = YES;
				CLANG_WARN_OBJC_IMPLICIT_RETAIN_SELF = YES;
				CLANG_WARN_OBJC_LITERAL_CONVERSION = YES;
				CLANG_WARN_OBJC_ROOT_CLASS = YES_ERROR;
				CLANG_WARN_RANGE_LOOP_ANALYSIS = YES;
				CLANG_WARN_STRICT_PROTOTYPES = YES;
				CLANG_WARN_SUSPICIOUS_MOVE = YES;
				CLANG_WARN_UNGUARDED_AVAILABILITY = YES_AGGRESSIVE;
				CLANG_WARN_UNREACHABLE_CODE = YES;
				CLANG_WARN__DUPLICATE_METHOD_MATCH = YES;
				CODE_SIGN_IDENTITY = "iPhone Developer";
				COPY_PHASE_STRIP = NO;
				DEBUG_INFORMATION_FORMAT = "dwarf-with-dsym";
				ENABLE_NS_ASSERTIONS = NO;
				ENABLE_STRICT_OBJC_MSGSEND = YES;
				GCC_C_LANGUAGE_STANDARD = gnu11;
				GCC_NO_COMMON_BLOCKS = YES;
				GCC_WARN_64_TO_32_BIT_CONVERSION = YES;
				GCC_WARN_ABOUT_RETURN_TYPE = YES_ERROR;
				GCC_WARN_UNDECLARED_SELECTOR = YES;
				GCC_WARN_UNINITIALIZED_AUTOS = YES_AGGRESSIVE;
				GCC_WARN_UNUSED_FUNCTION = YES;
				GCC_WARN_UNUSED_VARIABLE = YES;
				IPHONEOS_DEPLOYMENT_TARGET = 12.1;
				MTL_ENABLE_DEBUG_INFO = NO;
				MTL_FAST_MATH = YES;
				SDKROOT = iphoneos;
				SWIFT_COMPILATION_MODE = wholemodule;
				SWIFT_OPTIMIZATION_LEVEL = "-O";
				SWIFT_VERSION = "";
				VALIDATE_PRODUCT = YES;
			};
			name = Release;
		};
		EA008C972237D9EB00025332 /* Debug */ = {
			isa = XCBuildConfiguration;
			baseConfigurationReference = 7F053B5E024662DD14047FC0 /* Pods-FIXER.debug.xcconfig */;
			buildSettings = {
				ASSETCATALOG_COMPILER_APPICON_NAME = AppIcon;
				CODE_SIGN_IDENTITY = "iPhone Developer";
				CODE_SIGN_STYLE = Automatic;
				DEVELOPMENT_TEAM = 4R56U7KD56;
				INFOPLIST_FILE = "$(SRCROOT)/FIXER/Resources/Info.plist";
				IPHONEOS_DEPLOYMENT_TARGET = 13.2;
				LD_RUNPATH_SEARCH_PATHS = (
					"$(inherited)",
					"@executable_path/Frameworks",
				);
				PRODUCT_BUNDLE_IDENTIFIER = PetroGolishevskiy.Fixcenter;
				PRODUCT_NAME = Fixcenter;
				PROVISIONING_PROFILE_SPECIFIER = "";
				SWIFT_VERSION = 5.0;
				TARGETED_DEVICE_FAMILY = 1;
			};
			name = Debug;
		};
		EA008C982237D9EB00025332 /* Release */ = {
			isa = XCBuildConfiguration;
			baseConfigurationReference = 5AEA56F6172672436CBCE7BD /* Pods-FIXER.release.xcconfig */;
			buildSettings = {
				ASSETCATALOG_COMPILER_APPICON_NAME = AppIcon;
				CODE_SIGN_IDENTITY = "iPhone Developer";
				CODE_SIGN_STYLE = Automatic;
				DEVELOPMENT_TEAM = 4R56U7KD56;
				INFOPLIST_FILE = "$(SRCROOT)/FIXER/Resources/Info.plist";
				IPHONEOS_DEPLOYMENT_TARGET = 13.2;
				LD_RUNPATH_SEARCH_PATHS = (
					"$(inherited)",
					"@executable_path/Frameworks",
				);
				PRODUCT_BUNDLE_IDENTIFIER = PetroGolishevskiy.Fixcenter;
				PRODUCT_NAME = Fixcenter;
				PROVISIONING_PROFILE_SPECIFIER = "";
				SWIFT_VERSION = 5.0;
				TARGETED_DEVICE_FAMILY = 1;
			};
			name = Release;
		};
/* End XCBuildConfiguration section */

/* Begin XCConfigurationList section */
		EA008C7F2237D9E900025332 /* Build configuration list for PBXProject "FIXER" */ = {
			isa = XCConfigurationList;
			buildConfigurations = (
				EA008C942237D9EB00025332 /* Debug */,
				EA008C952237D9EB00025332 /* Release */,
			);
			defaultConfigurationIsVisible = 0;
			defaultConfigurationName = Release;
		};
		EA008C962237D9EB00025332 /* Build configuration list for PBXNativeTarget "FIXER" */ = {
			isa = XCConfigurationList;
			buildConfigurations = (
				EA008C972237D9EB00025332 /* Debug */,
				EA008C982237D9EB00025332 /* Release */,
			);
			defaultConfigurationIsVisible = 0;
			defaultConfigurationName = Release;
		};
/* End XCConfigurationList section */
	};
	rootObject = EA008C7C2237D9E900025332 /* Project object */;
}
